// !$*UTF8*$!
{
	archiveVersion = 1;
	classes = {
	};
	objectVersion = 46;
	objects = {

/* Begin PBXBuildFile section */
		1F3AD577FD89969956BFA2D4 /* Pods_seawag.framework in Frameworks */ = {isa = PBXBuildFile; fileRef = 81F5CE523339AD48FD609311 /* Pods_seawag.framework */; };
		AC33CF501DDB89C500460C50 /* ConfirmController.swift in Sources */ = {isa = PBXBuildFile; fileRef = AC33CF4F1DDB89C500460C50 /* ConfirmController.swift */; };
		AC4B2AD31DD6725800879D1C /* LoginController.swift in Sources */ = {isa = PBXBuildFile; fileRef = AC4B2AD21DD6725800879D1C /* LoginController.swift */; };
		AC4B2AD51DD673F400879D1C /* CameraController.swift in Sources */ = {isa = PBXBuildFile; fileRef = AC4B2AD41DD673F400879D1C /* CameraController.swift */; };
		AC4B2AD71DD6744B00879D1C /* EditorController.swift in Sources */ = {isa = PBXBuildFile; fileRef = AC4B2AD61DD6744B00879D1C /* EditorController.swift */; };
		AC5D48A71DD39AA800D6D91F /* Helpers.swift in Sources */ = {isa = PBXBuildFile; fileRef = AC5D48A61DD39AA800D6D91F /* Helpers.swift */; };
		AC6F9BD81DDF559900A1AC65 /* TwitterKitResources.bundle in Resources */ = {isa = PBXBuildFile; fileRef = AC6F9BD71DDF559900A1AC65 /* TwitterKitResources.bundle */; };
		AC912BF81DD29486001297A6 /* RegisterController .swift in Sources */ = {isa = PBXBuildFile; fileRef = AC912BF71DD29486001297A6 /* RegisterController .swift */; };
		AC912BFA1DD294FC001297A6 /* RememberController.swift in Sources */ = {isa = PBXBuildFile; fileRef = AC912BF91DD294FC001297A6 /* RememberController.swift */; };
		AC912BFC1DD2953F001297A6 /* FacebookController.swift in Sources */ = {isa = PBXBuildFile; fileRef = AC912BFB1DD2953F001297A6 /* FacebookController.swift */; };
		AC981FB31DD24E0C0004E6D6 /* AppDelegate.swift in Sources */ = {isa = PBXBuildFile; fileRef = AC981FB21DD24E0C0004E6D6 /* AppDelegate.swift */; };
		AC981FB81DD24E0C0004E6D6 /* Main.storyboard in Resources */ = {isa = PBXBuildFile; fileRef = AC981FB61DD24E0C0004E6D6 /* Main.storyboard */; };
		AC981FBB1DD24E0C0004E6D6 /* seawag.xcdatamodeld in Sources */ = {isa = PBXBuildFile; fileRef = AC981FB91DD24E0C0004E6D6 /* seawag.xcdatamodeld */; };
		AC981FBD1DD24E0C0004E6D6 /* Assets.xcassets in Resources */ = {isa = PBXBuildFile; fileRef = AC981FBC1DD24E0C0004E6D6 /* Assets.xcassets */; };
		AC981FC01DD24E0C0004E6D6 /* LaunchScreen.storyboard in Resources */ = {isa = PBXBuildFile; fileRef = AC981FBE1DD24E0C0004E6D6 /* LaunchScreen.storyboard */; };
		AC981FCB1DD24E0C0004E6D6 /* seawagTests.swift in Sources */ = {isa = PBXBuildFile; fileRef = AC981FCA1DD24E0C0004E6D6 /* seawagTests.swift */; };
		AC981FD61DD24E0C0004E6D6 /* seawagUITests.swift in Sources */ = {isa = PBXBuildFile; fileRef = AC981FD51DD24E0C0004E6D6 /* seawagUITests.swift */; };
		ACDD23471DE4A78300390B17 /* PublicateController.swift in Sources */ = {isa = PBXBuildFile; fileRef = ACDD23461DE4A78300390B17 /* PublicateController.swift */; };
		ACEDD8A61DD4BBE0009CF65E /* PrivacityController.swift in Sources */ = {isa = PBXBuildFile; fileRef = ACEDD8A51DD4BBE0009CF65E /* PrivacityController.swift */; };
		ACEDD8A81DD4CD84009CF65E /* AlertController.swift in Sources */ = {isa = PBXBuildFile; fileRef = ACEDD8A71DD4CD84009CF65E /* AlertController.swift */; };
		ACEFC6DC1DE512540043D2B5 /* SocialInfo.swift in Sources */ = {isa = PBXBuildFile; fileRef = ACEFC6DB1DE512540043D2B5 /* SocialInfo.swift */; };
		ACFB4B191DDBCD4B00F40932 /* SocialController.swift in Sources */ = {isa = PBXBuildFile; fileRef = ACFB4B181DDBCD4B00F40932 /* SocialController.swift */; };
/* End PBXBuildFile section */

/* Begin PBXContainerItemProxy section */
		AC981FC71DD24E0C0004E6D6 /* PBXContainerItemProxy */ = {
			isa = PBXContainerItemProxy;
			containerPortal = AC981FA71DD24E0B0004E6D6 /* Project object */;
			proxyType = 1;
			remoteGlobalIDString = AC981FAE1DD24E0B0004E6D6;
			remoteInfo = seawag;
		};
		AC981FD21DD24E0C0004E6D6 /* PBXContainerItemProxy */ = {
			isa = PBXContainerItemProxy;
			containerPortal = AC981FA71DD24E0B0004E6D6 /* Project object */;
			proxyType = 1;
			remoteGlobalIDString = AC981FAE1DD24E0B0004E6D6;
			remoteInfo = seawag;
		};
/* End PBXContainerItemProxy section */

/* Begin PBXFileReference section */
		01CCB95B4DD658E4E31E0E9A /* Pods-seawag.release.xcconfig */ = {isa = PBXFileReference; includeInIndex = 1; lastKnownFileType = text.xcconfig; name = "Pods-seawag.release.xcconfig"; path = "Pods/Target Support Files/Pods-seawag/Pods-seawag.release.xcconfig"; sourceTree = "<group>"; };
		65DF8A7AB853922AD752739A /* Pods-seawag.debug.xcconfig */ = {isa = PBXFileReference; includeInIndex = 1; lastKnownFileType = text.xcconfig; name = "Pods-seawag.debug.xcconfig"; path = "Pods/Target Support Files/Pods-seawag/Pods-seawag.debug.xcconfig"; sourceTree = "<group>"; };
		81F5CE523339AD48FD609311 /* Pods_seawag.framework */ = {isa = PBXFileReference; explicitFileType = wrapper.framework; includeInIndex = 0; path = Pods_seawag.framework; sourceTree = BUILT_PRODUCTS_DIR; };
		AC33CF4F1DDB89C500460C50 /* ConfirmController.swift */ = {isa = PBXFileReference; fileEncoding = 4; lastKnownFileType = sourcecode.swift; path = ConfirmController.swift; sourceTree = "<group>"; };
		AC4B2AD21DD6725800879D1C /* LoginController.swift */ = {isa = PBXFileReference; fileEncoding = 4; lastKnownFileType = sourcecode.swift; path = LoginController.swift; sourceTree = "<group>"; };
		AC4B2AD41DD673F400879D1C /* CameraController.swift */ = {isa = PBXFileReference; fileEncoding = 4; lastKnownFileType = sourcecode.swift; path = CameraController.swift; sourceTree = "<group>"; };
		AC4B2AD61DD6744B00879D1C /* EditorController.swift */ = {isa = PBXFileReference; fileEncoding = 4; lastKnownFileType = sourcecode.swift; path = EditorController.swift; sourceTree = "<group>"; };
		AC5D48A61DD39AA800D6D91F /* Helpers.swift */ = {isa = PBXFileReference; fileEncoding = 4; lastKnownFileType = sourcecode.swift; path = Helpers.swift; sourceTree = "<group>"; };
		AC6F9BD71DDF559900A1AC65 /* TwitterKitResources.bundle */ = {isa = PBXFileReference; lastKnownFileType = "wrapper.plug-in"; name = TwitterKitResources.bundle; path = Pods/TwitterKit/iOS/TwitterKit.framework/Versions/A/Resources/TwitterKitResources.bundle; sourceTree = "<group>"; };
		AC912BF71DD29486001297A6 /* RegisterController .swift */ = {isa = PBXFileReference; fileEncoding = 4; lastKnownFileType = sourcecode.swift; path = "RegisterController .swift"; sourceTree = "<group>"; wrapsLines = 1; };
		AC912BF91DD294FC001297A6 /* RememberController.swift */ = {isa = PBXFileReference; fileEncoding = 4; lastKnownFileType = sourcecode.swift; path = RememberController.swift; sourceTree = "<group>"; };
		AC912BFB1DD2953F001297A6 /* FacebookController.swift */ = {isa = PBXFileReference; fileEncoding = 4; lastKnownFileType = sourcecode.swift; path = FacebookController.swift; sourceTree = "<group>"; };
		AC981FAF1DD24E0C0004E6D6 /* seawag.app */ = {isa = PBXFileReference; explicitFileType = wrapper.application; includeInIndex = 0; path = seawag.app; sourceTree = BUILT_PRODUCTS_DIR; };
		AC981FB21DD24E0C0004E6D6 /* AppDelegate.swift */ = {isa = PBXFileReference; lastKnownFileType = sourcecode.swift; path = AppDelegate.swift; sourceTree = "<group>"; };
		AC981FB71DD24E0C0004E6D6 /* Base */ = {isa = PBXFileReference; lastKnownFileType = file.storyboard; name = Base; path = Base.lproj/Main.storyboard; sourceTree = "<group>"; };
		AC981FBA1DD24E0C0004E6D6 /* seawag.xcdatamodel */ = {isa = PBXFileReference; lastKnownFileType = wrapper.xcdatamodel; path = seawag.xcdatamodel; sourceTree = "<group>"; };
		AC981FBC1DD24E0C0004E6D6 /* Assets.xcassets */ = {isa = PBXFileReference; lastKnownFileType = folder.assetcatalog; path = Assets.xcassets; sourceTree = "<group>"; };
		AC981FBF1DD24E0C0004E6D6 /* Base */ = {isa = PBXFileReference; lastKnownFileType = file.storyboard; name = Base; path = Base.lproj/LaunchScreen.storyboard; sourceTree = "<group>"; };
		AC981FC11DD24E0C0004E6D6 /* Info.plist */ = {isa = PBXFileReference; lastKnownFileType = text.plist.xml; path = Info.plist; sourceTree = "<group>"; };
		AC981FC61DD24E0C0004E6D6 /* seawagTests.xctest */ = {isa = PBXFileReference; explicitFileType = wrapper.cfbundle; includeInIndex = 0; path = seawagTests.xctest; sourceTree = BUILT_PRODUCTS_DIR; };
		AC981FCA1DD24E0C0004E6D6 /* seawagTests.swift */ = {isa = PBXFileReference; lastKnownFileType = sourcecode.swift; path = seawagTests.swift; sourceTree = "<group>"; };
		AC981FCC1DD24E0C0004E6D6 /* Info.plist */ = {isa = PBXFileReference; lastKnownFileType = text.plist.xml; path = Info.plist; sourceTree = "<group>"; };
		AC981FD11DD24E0C0004E6D6 /* seawagUITests.xctest */ = {isa = PBXFileReference; explicitFileType = wrapper.cfbundle; includeInIndex = 0; path = seawagUITests.xctest; sourceTree = BUILT_PRODUCTS_DIR; };
		AC981FD51DD24E0C0004E6D6 /* seawagUITests.swift */ = {isa = PBXFileReference; lastKnownFileType = sourcecode.swift; path = seawagUITests.swift; sourceTree = "<group>"; };
		AC981FD71DD24E0C0004E6D6 /* Info.plist */ = {isa = PBXFileReference; lastKnownFileType = text.plist.xml; path = Info.plist; sourceTree = "<group>"; };
		ACDD23461DE4A78300390B17 /* PublicateController.swift */ = {isa = PBXFileReference; fileEncoding = 4; lastKnownFileType = sourcecode.swift; path = PublicateController.swift; sourceTree = "<group>"; };
		ACEDD8A51DD4BBE0009CF65E /* PrivacityController.swift */ = {isa = PBXFileReference; fileEncoding = 4; lastKnownFileType = sourcecode.swift; path = PrivacityController.swift; sourceTree = "<group>"; };
		ACEDD8A71DD4CD84009CF65E /* AlertController.swift */ = {isa = PBXFileReference; fileEncoding = 4; lastKnownFileType = sourcecode.swift; path = AlertController.swift; sourceTree = "<group>"; };
		ACEFC6DB1DE512540043D2B5 /* SocialInfo.swift */ = {isa = PBXFileReference; fileEncoding = 4; lastKnownFileType = sourcecode.swift; path = SocialInfo.swift; sourceTree = "<group>"; };
		ACFB4B181DDBCD4B00F40932 /* SocialController.swift */ = {isa = PBXFileReference; fileEncoding = 4; lastKnownFileType = sourcecode.swift; path = SocialController.swift; sourceTree = "<group>"; };
/* End PBXFileReference section */

/* Begin PBXFrameworksBuildPhase section */
		AC981FAC1DD24E0B0004E6D6 /* Frameworks */ = {
			isa = PBXFrameworksBuildPhase;
			buildActionMask = 2147483647;
			files = (
				1F3AD577FD89969956BFA2D4 /* Pods_seawag.framework in Frameworks */,
			);
			runOnlyForDeploymentPostprocessing = 0;
		};
		AC981FC31DD24E0C0004E6D6 /* Frameworks */ = {
			isa = PBXFrameworksBuildPhase;
			buildActionMask = 2147483647;
			files = (
			);
			runOnlyForDeploymentPostprocessing = 0;
		};
		AC981FCE1DD24E0C0004E6D6 /* Frameworks */ = {
			isa = PBXFrameworksBuildPhase;
			buildActionMask = 2147483647;
			files = (
			);
			runOnlyForDeploymentPostprocessing = 0;
		};
/* End PBXFrameworksBuildPhase section */

/* Begin PBXGroup section */
		81FD9B57B6177996473BF940 /* Pods */ = {
			isa = PBXGroup;
			children = (
				65DF8A7AB853922AD752739A /* Pods-seawag.debug.xcconfig */,
				01CCB95B4DD658E4E31E0E9A /* Pods-seawag.release.xcconfig */,
			);
			name = Pods;
			sourceTree = "<group>";
		};
		AC981FA61DD24E0B0004E6D6 = {
			isa = PBXGroup;
			children = (
				AC981FB01DD24E0C0004E6D6 /* Products */,
				AC981FB11DD24E0C0004E6D6 /* seawag */,
				AC981FC91DD24E0C0004E6D6 /* seawagTests */,
				AC981FD41DD24E0C0004E6D6 /* seawagUITests */,
				81FD9B57B6177996473BF940 /* Pods */,
				B077C08862740F160B0AAFF9 /* Frameworks */,
			);
			sourceTree = "<group>";
		};
		AC981FB01DD24E0C0004E6D6 /* Products */ = {
			isa = PBXGroup;
			children = (
				AC981FAF1DD24E0C0004E6D6 /* seawag.app */,
				AC981FC61DD24E0C0004E6D6 /* seawagTests.xctest */,
				AC981FD11DD24E0C0004E6D6 /* seawagUITests.xctest */,
			);
			name = Products;
			sourceTree = "<group>";
		};
		AC981FB11DD24E0C0004E6D6 /* seawag */ = {
			isa = PBXGroup;
			children = (
				AC4B2AD21DD6725800879D1C /* LoginController.swift */,
				AC981FB21DD24E0C0004E6D6 /* AppDelegate.swift */,
				AC981FB61DD24E0C0004E6D6 /* Main.storyboard */,
				AC981FBC1DD24E0C0004E6D6 /* Assets.xcassets */,
				AC981FBE1DD24E0C0004E6D6 /* LaunchScreen.storyboard */,
				AC981FC11DD24E0C0004E6D6 /* Info.plist */,
				AC981FB91DD24E0C0004E6D6 /* seawag.xcdatamodeld */,
				AC912BF71DD29486001297A6 /* RegisterController .swift */,
				AC912BF91DD294FC001297A6 /* RememberController.swift */,
				AC912BFB1DD2953F001297A6 /* FacebookController.swift */,
				AC5D48A61DD39AA800D6D91F /* Helpers.swift */,
				ACEDD8A51DD4BBE0009CF65E /* PrivacityController.swift */,
				ACEDD8A71DD4CD84009CF65E /* AlertController.swift */,
				AC4B2AD41DD673F400879D1C /* CameraController.swift */,
				AC4B2AD61DD6744B00879D1C /* EditorController.swift */,
				AC33CF4F1DDB89C500460C50 /* ConfirmController.swift */,
				ACFB4B181DDBCD4B00F40932 /* SocialController.swift */,
				ACDD23461DE4A78300390B17 /* PublicateController.swift */,
				ACEFC6DB1DE512540043D2B5 /* SocialInfo.swift */,
			);
			path = seawag;
			sourceTree = "<group>";
		};
		AC981FC91DD24E0C0004E6D6 /* seawagTests */ = {
			isa = PBXGroup;
			children = (
				AC981FCA1DD24E0C0004E6D6 /* seawagTests.swift */,
				AC981FCC1DD24E0C0004E6D6 /* Info.plist */,
			);
			path = seawagTests;
			sourceTree = "<group>";
		};
		AC981FD41DD24E0C0004E6D6 /* seawagUITests */ = {
			isa = PBXGroup;
			children = (
				AC981FD51DD24E0C0004E6D6 /* seawagUITests.swift */,
				AC981FD71DD24E0C0004E6D6 /* Info.plist */,
			);
			path = seawagUITests;
			sourceTree = "<group>";
		};
		B077C08862740F160B0AAFF9 /* Frameworks */ = {
			isa = PBXGroup;
			children = (
				AC6F9BD71DDF559900A1AC65 /* TwitterKitResources.bundle */,
				81F5CE523339AD48FD609311 /* Pods_seawag.framework */,
			);
			name = Frameworks;
			sourceTree = "<group>";
		};
/* End PBXGroup section */

/* Begin PBXNativeTarget section */
		AC981FAE1DD24E0B0004E6D6 /* seawag */ = {
			isa = PBXNativeTarget;
			buildConfigurationList = AC981FDA1DD24E0C0004E6D6 /* Build configuration list for PBXNativeTarget "seawag" */;
			buildPhases = (
				1800A206AE3B96DB8AA4C279 /* [CP] Check Pods Manifest.lock */,
				AC981FAB1DD24E0B0004E6D6 /* Sources */,
				AC981FAC1DD24E0B0004E6D6 /* Frameworks */,
				AC981FAD1DD24E0B0004E6D6 /* Resources */,
				BFF1E62D90BC4BB2A2CDDB95 /* [CP] Embed Pods Frameworks */,
				FC7251AD11A96F9830F1132C /* [CP] Copy Pods Resources */,
				AC6F9BD61DDF549500A1AC65 /* ShellScript */,
			);
			buildRules = (
			);
			dependencies = (
			);
			name = seawag;
			productName = seawag;
			productReference = AC981FAF1DD24E0C0004E6D6 /* seawag.app */;
			productType = "com.apple.product-type.application";
		};
		AC981FC51DD24E0C0004E6D6 /* seawagTests */ = {
			isa = PBXNativeTarget;
			buildConfigurationList = AC981FDD1DD24E0C0004E6D6 /* Build configuration list for PBXNativeTarget "seawagTests" */;
			buildPhases = (
				AC981FC21DD24E0C0004E6D6 /* Sources */,
				AC981FC31DD24E0C0004E6D6 /* Frameworks */,
				AC981FC41DD24E0C0004E6D6 /* Resources */,
			);
			buildRules = (
			);
			dependencies = (
				AC981FC81DD24E0C0004E6D6 /* PBXTargetDependency */,
			);
			name = seawagTests;
			productName = seawagTests;
			productReference = AC981FC61DD24E0C0004E6D6 /* seawagTests.xctest */;
			productType = "com.apple.product-type.bundle.unit-test";
		};
		AC981FD01DD24E0C0004E6D6 /* seawagUITests */ = {
			isa = PBXNativeTarget;
			buildConfigurationList = AC981FE01DD24E0C0004E6D6 /* Build configuration list for PBXNativeTarget "seawagUITests" */;
			buildPhases = (
				AC981FCD1DD24E0C0004E6D6 /* Sources */,
				AC981FCE1DD24E0C0004E6D6 /* Frameworks */,
				AC981FCF1DD24E0C0004E6D6 /* Resources */,
			);
			buildRules = (
			);
			dependencies = (
				AC981FD31DD24E0C0004E6D6 /* PBXTargetDependency */,
			);
			name = seawagUITests;
			productName = seawagUITests;
			productReference = AC981FD11DD24E0C0004E6D6 /* seawagUITests.xctest */;
			productType = "com.apple.product-type.bundle.ui-testing";
		};
/* End PBXNativeTarget section */

/* Begin PBXProject section */
		AC981FA71DD24E0B0004E6D6 /* Project object */ = {
			isa = PBXProject;
			attributes = {
				LastSwiftUpdateCheck = 0810;
				LastUpgradeCheck = 0810;
				ORGANIZATIONNAME = Ooomovil;
				TargetAttributes = {
					AC981FAE1DD24E0B0004E6D6 = {
						CreatedOnToolsVersion = 8.1;
						DevelopmentTeam = ZS47A3SD7X;
						ProvisioningStyle = Automatic;
					};
					AC981FC51DD24E0C0004E6D6 = {
						CreatedOnToolsVersion = 8.1;
						DevelopmentTeam = ZS47A3SD7X;
						ProvisioningStyle = Automatic;
						TestTargetID = AC981FAE1DD24E0B0004E6D6;
					};
					AC981FD01DD24E0C0004E6D6 = {
						CreatedOnToolsVersion = 8.1;
						DevelopmentTeam = ZS47A3SD7X;
						ProvisioningStyle = Automatic;
						TestTargetID = AC981FAE1DD24E0B0004E6D6;
					};
				};
			};
			buildConfigurationList = AC981FAA1DD24E0B0004E6D6 /* Build configuration list for PBXProject "seawag" */;
			compatibilityVersion = "Xcode 3.2";
			developmentRegion = English;
			hasScannedForEncodings = 0;
			knownRegions = (
				en,
				Base,
			);
			mainGroup = AC981FA61DD24E0B0004E6D6;
			productRefGroup = AC981FB01DD24E0C0004E6D6 /* Products */;
			projectDirPath = "";
			projectRoot = "";
			targets = (
				AC981FAE1DD24E0B0004E6D6 /* seawag */,
				AC981FC51DD24E0C0004E6D6 /* seawagTests */,
				AC981FD01DD24E0C0004E6D6 /* seawagUITests */,
			);
		};
/* End PBXProject section */

/* Begin PBXResourcesBuildPhase section */
		AC981FAD1DD24E0B0004E6D6 /* Resources */ = {
			isa = PBXResourcesBuildPhase;
			buildActionMask = 2147483647;
			files = (
				AC6F9BD81DDF559900A1AC65 /* TwitterKitResources.bundle in Resources */,
				AC981FC01DD24E0C0004E6D6 /* LaunchScreen.storyboard in Resources */,
				AC981FBD1DD24E0C0004E6D6 /* Assets.xcassets in Resources */,
				AC981FB81DD24E0C0004E6D6 /* Main.storyboard in Resources */,
			);
			runOnlyForDeploymentPostprocessing = 0;
		};
		AC981FC41DD24E0C0004E6D6 /* Resources */ = {
			isa = PBXResourcesBuildPhase;
			buildActionMask = 2147483647;
			files = (
			);
			runOnlyForDeploymentPostprocessing = 0;
		};
		AC981FCF1DD24E0C0004E6D6 /* Resources */ = {
			isa = PBXResourcesBuildPhase;
			buildActionMask = 2147483647;
			files = (
			);
			runOnlyForDeploymentPostprocessing = 0;
		};
/* End PBXResourcesBuildPhase section */

/* Begin PBXShellScriptBuildPhase section */
		1800A206AE3B96DB8AA4C279 /* [CP] Check Pods Manifest.lock */ = {
			isa = PBXShellScriptBuildPhase;
			buildActionMask = 2147483647;
			files = (
			);
			inputPaths = (
			);
			name = "[CP] Check Pods Manifest.lock";
			outputPaths = (
			);
			runOnlyForDeploymentPostprocessing = 0;
			shellPath = /bin/sh;
			shellScript = "diff \"${PODS_ROOT}/../Podfile.lock\" \"${PODS_ROOT}/Manifest.lock\" > /dev/null\nif [ $? != 0 ] ; then\n    # print error to STDERR\n    echo \"error: The sandbox is not in sync with the Podfile.lock. Run 'pod install' or update your CocoaPods installation.\" >&2\n    exit 1\nfi\n";
			showEnvVarsInLog = 0;
		};
		AC6F9BD61DDF549500A1AC65 /* ShellScript */ = {
			isa = PBXShellScriptBuildPhase;
			buildActionMask = 2147483647;
			files = (
			);
			inputPaths = (
			);
			outputPaths = (
			);
			runOnlyForDeploymentPostprocessing = 0;
			shellPath = /bin/sh;
			shellScript = "./Fabric.framework/run 358561a1021fee376e0af713d07d6bb85a0f5bd4 b7f6f672850a531a76a514bb5a6b9730c6063d7ba681682c200f4f6c297aa53a";
		};
		BFF1E62D90BC4BB2A2CDDB95 /* [CP] Embed Pods Frameworks */ = {
			isa = PBXShellScriptBuildPhase;
			buildActionMask = 2147483647;
			files = (
			);
			inputPaths = (
			);
			name = "[CP] Embed Pods Frameworks";
			outputPaths = (
			);
			runOnlyForDeploymentPostprocessing = 0;
			shellPath = /bin/sh;
			shellScript = "\"${SRCROOT}/Pods/Target Support Files/Pods-seawag/Pods-seawag-frameworks.sh\"\n";
			showEnvVarsInLog = 0;
		};
		FC7251AD11A96F9830F1132C /* [CP] Copy Pods Resources */ = {
			isa = PBXShellScriptBuildPhase;
			buildActionMask = 2147483647;
			files = (
			);
			inputPaths = (
			);
			name = "[CP] Copy Pods Resources";
			outputPaths = (
			);
			runOnlyForDeploymentPostprocessing = 0;
			shellPath = /bin/sh;
			shellScript = "\"${SRCROOT}/Pods/Target Support Files/Pods-seawag/Pods-seawag-resources.sh\"\n";
			showEnvVarsInLog = 0;
		};
/* End PBXShellScriptBuildPhase section */

/* Begin PBXSourcesBuildPhase section */
		AC981FAB1DD24E0B0004E6D6 /* Sources */ = {
			isa = PBXSourcesBuildPhase;
			buildActionMask = 2147483647;
			files = (
				ACEDD8A81DD4CD84009CF65E /* AlertController.swift in Sources */,
				AC5D48A71DD39AA800D6D91F /* Helpers.swift in Sources */,
				AC912BF81DD29486001297A6 /* RegisterController .swift in Sources */,
				ACFB4B191DDBCD4B00F40932 /* SocialController.swift in Sources */,
				AC4B2AD71DD6744B00879D1C /* EditorController.swift in Sources */,
				AC33CF501DDB89C500460C50 /* ConfirmController.swift in Sources */,
				ACEDD8A61DD4BBE0009CF65E /* PrivacityController.swift in Sources */,
				ACDD23471DE4A78300390B17 /* PublicateController.swift in Sources */,
				AC4B2AD51DD673F400879D1C /* CameraController.swift in Sources */,
				AC981FBB1DD24E0C0004E6D6 /* seawag.xcdatamodeld in Sources */,
				AC912BFC1DD2953F001297A6 /* FacebookController.swift in Sources */,
				AC981FB31DD24E0C0004E6D6 /* AppDelegate.swift in Sources */,
				AC912BFA1DD294FC001297A6 /* RememberController.swift in Sources */,
				ACEFC6DC1DE512540043D2B5 /* SocialInfo.swift in Sources */,
				AC4B2AD31DD6725800879D1C /* LoginController.swift in Sources */,
			);
			runOnlyForDeploymentPostprocessing = 0;
		};
		AC981FC21DD24E0C0004E6D6 /* Sources */ = {
			isa = PBXSourcesBuildPhase;
			buildActionMask = 2147483647;
			files = (
				AC981FCB1DD24E0C0004E6D6 /* seawagTests.swift in Sources */,
			);
			runOnlyForDeploymentPostprocessing = 0;
		};
		AC981FCD1DD24E0C0004E6D6 /* Sources */ = {
			isa = PBXSourcesBuildPhase;
			buildActionMask = 2147483647;
			files = (
				AC981FD61DD24E0C0004E6D6 /* seawagUITests.swift in Sources */,
			);
			runOnlyForDeploymentPostprocessing = 0;
		};
/* End PBXSourcesBuildPhase section */

/* Begin PBXTargetDependency section */
		AC981FC81DD24E0C0004E6D6 /* PBXTargetDependency */ = {
			isa = PBXTargetDependency;
			target = AC981FAE1DD24E0B0004E6D6 /* seawag */;
			targetProxy = AC981FC71DD24E0C0004E6D6 /* PBXContainerItemProxy */;
		};
		AC981FD31DD24E0C0004E6D6 /* PBXTargetDependency */ = {
			isa = PBXTargetDependency;
			target = AC981FAE1DD24E0B0004E6D6 /* seawag */;
			targetProxy = AC981FD21DD24E0C0004E6D6 /* PBXContainerItemProxy */;
		};
/* End PBXTargetDependency section */

/* Begin PBXVariantGroup section */
		AC981FB61DD24E0C0004E6D6 /* Main.storyboard */ = {
			isa = PBXVariantGroup;
			children = (
				AC981FB71DD24E0C0004E6D6 /* Base */,
			);
			name = Main.storyboard;
			sourceTree = "<group>";
		};
		AC981FBE1DD24E0C0004E6D6 /* LaunchScreen.storyboard */ = {
			isa = PBXVariantGroup;
			children = (
				AC981FBF1DD24E0C0004E6D6 /* Base */,
			);
			name = LaunchScreen.storyboard;
			sourceTree = "<group>";
		};
/* End PBXVariantGroup section */

/* Begin XCBuildConfiguration section */
		AC981FD81DD24E0C0004E6D6 /* Debug */ = {
			isa = XCBuildConfiguration;
			buildSettings = {
				ALWAYS_SEARCH_USER_PATHS = NO;
				CLANG_ANALYZER_NONNULL = YES;
				CLANG_CXX_LANGUAGE_STANDARD = "gnu++0x";
				CLANG_CXX_LIBRARY = "libc++";
				CLANG_ENABLE_MODULES = YES;
				CLANG_ENABLE_OBJC_ARC = YES;
				CLANG_WARN_BOOL_CONVERSION = YES;
				CLANG_WARN_CONSTANT_CONVERSION = YES;
				CLANG_WARN_DIRECT_OBJC_ISA_USAGE = YES_ERROR;
				CLANG_WARN_DOCUMENTATION_COMMENTS = YES;
				CLANG_WARN_EMPTY_BODY = YES;
				CLANG_WARN_ENUM_CONVERSION = YES;
				CLANG_WARN_INFINITE_RECURSION = YES;
				CLANG_WARN_INT_CONVERSION = YES;
				CLANG_WARN_OBJC_ROOT_CLASS = YES_ERROR;
				CLANG_WARN_SUSPICIOUS_MOVES = YES;
				CLANG_WARN_UNREACHABLE_CODE = YES;
				CLANG_WARN__DUPLICATE_METHOD_MATCH = YES;
				"CODE_SIGN_IDENTITY[sdk=iphoneos*]" = "iPhone Developer";
				COPY_PHASE_STRIP = NO;
				DEBUG_INFORMATION_FORMAT = dwarf;
				ENABLE_STRICT_OBJC_MSGSEND = YES;
				ENABLE_TESTABILITY = YES;
				GCC_C_LANGUAGE_STANDARD = gnu99;
				GCC_DYNAMIC_NO_PIC = NO;
				GCC_NO_COMMON_BLOCKS = YES;
				GCC_OPTIMIZATION_LEVEL = 0;
				GCC_PREPROCESSOR_DEFINITIONS = (
					"DEBUG=1",
					"$(inherited)",
				);
				GCC_WARN_64_TO_32_BIT_CONVERSION = YES;
				GCC_WARN_ABOUT_RETURN_TYPE = YES_ERROR;
				GCC_WARN_UNDECLARED_SELECTOR = YES;
				GCC_WARN_UNINITIALIZED_AUTOS = YES_AGGRESSIVE;
				GCC_WARN_UNUSED_FUNCTION = YES;
				GCC_WARN_UNUSED_VARIABLE = YES;
				IPHONEOS_DEPLOYMENT_TARGET = 10.1;
				MTL_ENABLE_DEBUG_INFO = YES;
				ONLY_ACTIVE_ARCH = YES;
				SDKROOT = iphoneos;
				SWIFT_ACTIVE_COMPILATION_CONDITIONS = DEBUG;
				SWIFT_OPTIMIZATION_LEVEL = "-Onone";
				TARGETED_DEVICE_FAMILY = "1,2";
			};
			name = Debug;
		};
		AC981FD91DD24E0C0004E6D6 /* Release */ = {
			isa = XCBuildConfiguration;
			buildSettings = {
				ALWAYS_SEARCH_USER_PATHS = NO;
				CLANG_ANALYZER_NONNULL = YES;
				CLANG_CXX_LANGUAGE_STANDARD = "gnu++0x";
				CLANG_CXX_LIBRARY = "libc++";
				CLANG_ENABLE_MODULES = YES;
				CLANG_ENABLE_OBJC_ARC = YES;
				CLANG_WARN_BOOL_CONVERSION = YES;
				CLANG_WARN_CONSTANT_CONVERSION = YES;
				CLANG_WARN_DIRECT_OBJC_ISA_USAGE = YES_ERROR;
				CLANG_WARN_DOCUMENTATION_COMMENTS = YES;
				CLANG_WARN_EMPTY_BODY = YES;
				CLANG_WARN_ENUM_CONVERSION = YES;
				CLANG_WARN_INFINITE_RECURSION = YES;
				CLANG_WARN_INT_CONVERSION = YES;
				CLANG_WARN_OBJC_ROOT_CLASS = YES_ERROR;
				CLANG_WARN_SUSPICIOUS_MOVES = YES;
				CLANG_WARN_UNREACHABLE_CODE = YES;
				CLANG_WARN__DUPLICATE_METHOD_MATCH = YES;
				"CODE_SIGN_IDENTITY[sdk=iphoneos*]" = "iPhone Developer";
				COPY_PHASE_STRIP = NO;
				DEBUG_INFORMATION_FORMAT = "dwarf-with-dsym";
				ENABLE_NS_ASSERTIONS = NO;
				ENABLE_STRICT_OBJC_MSGSEND = YES;
				GCC_C_LANGUAGE_STANDARD = gnu99;
				GCC_NO_COMMON_BLOCKS = YES;
				GCC_WARN_64_TO_32_BIT_CONVERSION = YES;
				GCC_WARN_ABOUT_RETURN_TYPE = YES_ERROR;
				GCC_WARN_UNDECLARED_SELECTOR = YES;
				GCC_WARN_UNINITIALIZED_AUTOS = YES_AGGRESSIVE;
				GCC_WARN_UNUSED_FUNCTION = YES;
				GCC_WARN_UNUSED_VARIABLE = YES;
				IPHONEOS_DEPLOYMENT_TARGET = 10.1;
				MTL_ENABLE_DEBUG_INFO = NO;
				SDKROOT = iphoneos;
				SWIFT_OPTIMIZATION_LEVEL = "-Owholemodule";
				TARGETED_DEVICE_FAMILY = "1,2";
				VALIDATE_PRODUCT = YES;
			};
			name = Release;
		};
		AC981FDB1DD24E0C0004E6D6 /* Debug */ = {
			isa = XCBuildConfiguration;
			baseConfigurationReference = 65DF8A7AB853922AD752739A /* Pods-seawag.debug.xcconfig */;
			buildSettings = {
				ASSETCATALOG_COMPILER_APPICON_NAME = AppIcon;
				DEVELOPMENT_TEAM = ZS47A3SD7X;
				FRAMEWORK_SEARCH_PATHS = (
					"$(inherited)",
					"$(PROJECT_DIR)",
				);
				INFOPLIST_FILE = seawag/Info.plist;
				IPHONEOS_DEPLOYMENT_TARGET = 9.3;
				LD_RUNPATH_SEARCH_PATHS = "$(inherited) @executable_path/Frameworks";
				PRODUCT_BUNDLE_IDENTIFIER = oomovil.seawag;
				PRODUCT_NAME = "$(TARGET_NAME)";
				SWIFT_VERSION = 3.0;
				TARGETED_DEVICE_FAMILY = 1;
				VALID_ARCHS = "arm64 armv7";
			};
			name = Debug;
		};
		AC981FDC1DD24E0C0004E6D6 /* Release */ = {
			isa = XCBuildConfiguration;
			baseConfigurationReference = 01CCB95B4DD658E4E31E0E9A /* Pods-seawag.release.xcconfig */;
			buildSettings = {
				ASSETCATALOG_COMPILER_APPICON_NAME = AppIcon;
				DEVELOPMENT_TEAM = ZS47A3SD7X;
				FRAMEWORK_SEARCH_PATHS = (
					"$(inherited)",
					"$(PROJECT_DIR)",
				);
				INFOPLIST_FILE = seawag/Info.plist;
				IPHONEOS_DEPLOYMENT_TARGET = 9.3;
				LD_RUNPATH_SEARCH_PATHS = "$(inherited) @executable_path/Frameworks";
				PRODUCT_BUNDLE_IDENTIFIER = oomovil.seawag;
				PRODUCT_NAME = "$(TARGET_NAME)";
				SWIFT_VERSION = 3.0;
				TARGETED_DEVICE_FAMILY = 1;
				VALID_ARCHS = "arm64 armv7";
			};
			name = Release;
		};
		AC981FDE1DD24E0C0004E6D6 /* Debug */ = {
			isa = XCBuildConfiguration;
			buildSettings = {
				ALWAYS_EMBED_SWIFT_STANDARD_LIBRARIES = YES;
				BUNDLE_LOADER = "$(TEST_HOST)";
				DEVELOPMENT_TEAM = ZS47A3SD7X;
				FRAMEWORK_SEARCH_PATHS = (
					"$(inherited)",
					"$(PROJECT_DIR)",
				);
				INFOPLIST_FILE = seawagTests/Info.plist;
				LD_RUNPATH_SEARCH_PATHS = "$(inherited) @executable_path/Frameworks @loader_path/Frameworks";
				PRODUCT_BUNDLE_IDENTIFIER = oomovil.seawagTests;
				PRODUCT_NAME = "$(TARGET_NAME)";
				SWIFT_VERSION = 3.0;
				TEST_HOST = "$(BUILT_PRODUCTS_DIR)/seawag.app/seawag";
			};
			name = Debug;
		};
		AC981FDF1DD24E0C0004E6D6 /* Release */ = {
			isa = XCBuildConfiguration;
			buildSettings = {
				ALWAYS_EMBED_SWIFT_STANDARD_LIBRARIES = YES;
				BUNDLE_LOADER = "$(TEST_HOST)";
				DEVELOPMENT_TEAM = ZS47A3SD7X;
				FRAMEWORK_SEARCH_PATHS = (
					"$(inherited)",
					"$(PROJECT_DIR)",
				);
				INFOPLIST_FILE = seawagTests/Info.plist;
				LD_RUNPATH_SEARCH_PATHS = "$(inherited) @executable_path/Frameworks @loader_path/Frameworks";
				PRODUCT_BUNDLE_IDENTIFIER = oomovil.seawagTests;
				PRODUCT_NAME = "$(TARGET_NAME)";
				SWIFT_VERSION = 3.0;
				TEST_HOST = "$(BUILT_PRODUCTS_DIR)/seawag.app/seawag";
			};
			name = Release;
		};
		AC981FE11DD24E0C0004E6D6 /* Debug */ = {
			isa = XCBuildConfiguration;
			buildSettings = {
				ALWAYS_EMBED_SWIFT_STANDARD_LIBRARIES = YES;
				DEVELOPMENT_TEAM = ZS47A3SD7X;
				FRAMEWORK_SEARCH_PATHS = (
					"$(inherited)",
					"$(PROJECT_DIR)",
				);
				INFOPLIST_FILE = seawagUITests/Info.plist;
				LD_RUNPATH_SEARCH_PATHS = "$(inherited) @executable_path/Frameworks @loader_path/Frameworks";
				PRODUCT_BUNDLE_IDENTIFIER = oomovil.seawagUITests;
				PRODUCT_NAME = "$(TARGET_NAME)";
				SWIFT_VERSION = 3.0;
				TEST_TARGET_NAME = seawag;
			};
			name = Debug;
		};
		AC981FE21DD24E0C0004E6D6 /* Release */ = {
			isa = XCBuildConfiguration;
			buildSettings = {
				ALWAYS_EMBED_SWIFT_STANDARD_LIBRARIES = YES;
				DEVELOPMENT_TEAM = ZS47A3SD7X;
				FRAMEWORK_SEARCH_PATHS = (
					"$(inherited)",
					"$(PROJECT_DIR)",
				);
				INFOPLIST_FILE = seawagUITests/Info.plist;
				LD_RUNPATH_SEARCH_PATHS = "$(inherited) @executable_path/Frameworks @loader_path/Frameworks";
				PRODUCT_BUNDLE_IDENTIFIER = oomovil.seawagUITests;
				PRODUCT_NAME = "$(TARGET_NAME)";
				SWIFT_VERSION = 3.0;
				TEST_TARGET_NAME = seawag;
			};
			name = Release;
		};
/* End XCBuildConfiguration section */

/* Begin XCConfigurationList section */
		AC981FAA1DD24E0B0004E6D6 /* Build configuration list for PBXProject "seawag" */ = {
			isa = XCConfigurationList;
			buildConfigurations = (
				AC981FD81DD24E0C0004E6D6 /* Debug */,
				AC981FD91DD24E0C0004E6D6 /* Release */,
			);
			defaultConfigurationIsVisible = 0;
			defaultConfigurationName = Release;
		};
		AC981FDA1DD24E0C0004E6D6 /* Build configuration list for PBXNativeTarget "seawag" */ = {
			isa = XCConfigurationList;
			buildConfigurations = (
				AC981FDB1DD24E0C0004E6D6 /* Debug */,
				AC981FDC1DD24E0C0004E6D6 /* Release */,
			);
			defaultConfigurationIsVisible = 0;
			defaultConfigurationName = Release;
		};
		AC981FDD1DD24E0C0004E6D6 /* Build configuration list for PBXNativeTarget "seawagTests" */ = {
			isa = XCConfigurationList;
			buildConfigurations = (
				AC981FDE1DD24E0C0004E6D6 /* Debug */,
				AC981FDF1DD24E0C0004E6D6 /* Release */,
			);
			defaultConfigurationIsVisible = 0;
			defaultConfigurationName = Release;
		};
		AC981FE01DD24E0C0004E6D6 /* Build configuration list for PBXNativeTarget "seawagUITests" */ = {
			isa = XCConfigurationList;
			buildConfigurations = (
				AC981FE11DD24E0C0004E6D6 /* Debug */,
				AC981FE21DD24E0C0004E6D6 /* Release */,
			);
			defaultConfigurationIsVisible = 0;
			defaultConfigurationName = Release;
		};
/* End XCConfigurationList section */

/* Begin XCVersionGroup section */
		AC981FB91DD24E0C0004E6D6 /* seawag.xcdatamodeld */ = {
			isa = XCVersionGroup;
			children = (
				AC981FBA1DD24E0C0004E6D6 /* seawag.xcdatamodel */,
			);
			currentVersion = AC981FBA1DD24E0C0004E6D6 /* seawag.xcdatamodel */;
			path = seawag.xcdatamodeld;
			sourceTree = "<group>";
			versionGroupType = wrapper.xcdatamodel;
		};
/* End XCVersionGroup section */
	};
	rootObject = AC981FA71DD24E0B0004E6D6 /* Project object */;
}
